lockfileVersion: 5.4

specifiers:
  '@types/react': ^18
  '@types/react-beautiful-dnd': ^13.1.2
  bun-framework-next: ^12.2.4
  next: 12.1.3
  react: ^18
  react-beautiful-dnd: ^13.1.0
  react-dnd-html5-backend: ^16.0.1
  react-dom: ^18
  react-is: ^17.0.2
  react-refresh: 0.10.0
  typescript: latest
  uuid: ^8.3.2

dependencies:
  '@types/react-beautiful-dnd': 13.1.2
  next: 12.1.3_biqbaboplfbrettd7655fr4n2y
  react: 18.2.0
  react-beautiful-dnd: 13.1.0_biqbaboplfbrettd7655fr4n2y
  react-dnd-html5-backend: 16.0.1
  react-dom: 18.2.0_react@18.2.0
  react-is: 17.0.2
  uuid: 8.3.2

devDependencies:
  '@types/react': 18.0.17
  bun-framework-next: 12.2.4_next@12.1.3
  react-refresh: 0.10.0
  typescript: 4.7.4

packages:

  /@babel/runtime/7.18.9:
    resolution: {integrity: sha512-lkqXDcvlFT5rvEjiu6+QYO+1GXrEHRo2LOtS7E4GtX5ESIZOgepqsZBVIj6Pv+a6zqsya9VCgiK1KAK4BvJDAw==}
    engines: {node: '>=6.9.0'}
    dependencies:
      regenerator-runtime: 0.13.9
    dev: false

  /@next/env/12.1.3:
    resolution: {integrity: sha512-SoArEiTnqT+DYTLJzmPC4lUJbXngW+tBYdxP2SYEW5rKrBFz4DlQeGG2jwxJFs5Ac5QKZAmeJiSQR/IEHKsRgA==}

  /@next/swc-android-arm-eabi/12.1.3:
    resolution: {integrity: sha512-TqH8Ua/6k6RFyhpS/Nu9vm7Las9RkJx4P27ynhGog/gU2F9qwnwu3U/7sOnpnR13bxXCWQkK6QvOFtqlA0urQw==}
    engines: {node: '>= 10'}
    cpu: [arm]
    os: [android]
    requiresBuild: true
    optional: true

  /@next/swc-android-arm64/12.1.3:
    resolution: {integrity: sha512-BQiPrCwFPNzqmqE95mAReH5XAKxmB5Y845ihIc1y37tcXkl+ap1wU9MBjIX1tUOYmzLm0cZJnE6AG3ek2nLDVw==}
    engines: {node: '>= 10'}
    cpu: [arm64]
    os: [android]
    requiresBuild: true
    optional: true

  /@next/swc-darwin-arm64/12.1.3:
    resolution: {integrity: sha512-1MszWZF4m/1jYxRKJg2eEkz2s2tbGPx+HDYZlZDpMwO4+8RU0pu7x8SfVWEqf4g2kSC4W9nMNlDysY39jdcZ2w==}
    engines: {node: '>= 10'}
    cpu: [arm64]
    os: [darwin]
    requiresBuild: true
    optional: true

  /@next/swc-darwin-x64/12.1.3:
    resolution: {integrity: sha512-7BCjXBG4x/MxnWssZPn6x8BKuV2dThFDwVpnCvP5fJ0wB9pAwsgw4pvpO6VdwhMpkQ3sWKm/rZJGimGJ39gT3A==}
    engines: {node: '>= 10'}
    cpu: [x64]
    os: [darwin]
    requiresBuild: true
    optional: true

  /@next/swc-linux-arm-gnueabihf/12.1.3:
    resolution: {integrity: sha512-udQe5Gth99CjjL+Lc5xZq3KQv+eelGTdFnrYv+ggaoeenM6LI4RSvHGf87PSGlbhP6c3pM28cLnWTcF/puuv2Q==}
    engines: {node: '>= 10'}
    cpu: [arm]
    os: [linux]
    requiresBuild: true
    optional: true

  /@next/swc-linux-arm64-gnu/12.1.3:
    resolution: {integrity: sha512-0rVc8A94o2CRgSghbtzHghkdpA+b2s3L6ue/D9RI39zRwLVCoLvobOwlNMR75U43T4Cmv2jgbhxvyaAJibU5Lg==}
    engines: {node: '>= 10'}
    cpu: [arm64]
    os: [linux]
    requiresBuild: true
    optional: true

  /@next/swc-linux-arm64-musl/12.1.3:
    resolution: {integrity: sha512-MoXUjsPrVUe4Qqyew8tK9TiDhBt75lZnGECF7AFUEYGs5NqRcKAc2vPhQtke4QZqfI89+J1Wi4lbPHI2VqWXAA==}
    engines: {node: '>= 10'}
    cpu: [arm64]
    os: [linux]
    requiresBuild: true
    optional: true

  /@next/swc-linux-x64-gnu/12.1.3:
    resolution: {integrity: sha512-NJZa7Gq0lQlon74WFcWrsk0Y7UmAaNriAAxN6lyYdOHnBuQkriIDtv17Au/tcXyqLlfjcdzWs1LX+9FevKTtaw==}
    engines: {node: '>= 10'}
    cpu: [x64]
    os: [linux]
    requiresBuild: true
    optional: true

  /@next/swc-linux-x64-musl/12.1.3:
    resolution: {integrity: sha512-qK7wpSAXa7C4MjtQGjsp3uHgKKNlml4iwAPnk1ILGXgDRz2Cn1Dy1G7p/1berqsK3+zE7B0BuZ7TdyPHu5+kYQ==}
    engines: {node: '>= 10'}
    cpu: [x64]
    os: [linux]
    requiresBuild: true
    optional: true

  /@next/swc-win32-arm64-msvc/12.1.3:
    resolution: {integrity: sha512-p2/CYAZWm4I4IK2Dtlynp4diP1Q+daVYUzTo3JyyGGWx7y0ShkU8EDgT7MNSmBkisrTUADqr1W+HIkDVe5Z6vA==}
    engines: {node: '>= 10'}
    cpu: [arm64]
    os: [win32]
    requiresBuild: true
    optional: true

  /@next/swc-win32-ia32-msvc/12.1.3:
    resolution: {integrity: sha512-LK9c4+Gp7G/ypUH3jksPqB2vhIWqg2AvgW3xih/y1AeCp0KYKgpS2DSkiW8gXbdIMFy9heBScKZQ5ShhEdXmjQ==}
    engines: {node: '>= 10'}
    cpu: [ia32]
    os: [win32]
    requiresBuild: true
    optional: true

  /@next/swc-win32-x64-msvc/12.1.3:
    resolution: {integrity: sha512-+Hsp5rO0aTOPF/4rneLktpEKCfslyVa74kFtkbIUNdMgFrK5/CSYW7p4EHWbAY2gjvvf6yMVDrNd6fsSPPNqIw==}
    engines: {node: '>= 10'}
    cpu: [x64]
    os: [win32]
    requiresBuild: true
    optional: true

  /@react-dnd/asap/5.0.2:
    resolution: {integrity: sha512-WLyfoHvxhs0V9U+GTsGilGgf2QsPl6ZZ44fnv0/b8T3nQyvzxidxsg/ZltbWssbsRDlYW8UKSQMTGotuTotZ6A==}
    dev: false

  /@react-dnd/invariant/4.0.2:
    resolution: {integrity: sha512-xKCTqAK/FFauOM9Ta2pswIyT3D8AQlfrYdOi/toTPEhqCuAs1v5tcJ3Y08Izh1cJ5Jchwy9SeAXmMg6zrKs2iw==}
    dev: false

  /@types/hoist-non-react-statics/3.3.1:
    resolution: {integrity: sha512-iMIqiko6ooLrTh1joXodJK5X9xeEALT1kM5G3ZLhD3hszxBdIEd5C75U834D9mLcINgD4OyZf5uQXjkuYydWvA==}
    dependencies:
      '@types/react': 18.0.17
      hoist-non-react-statics: 3.3.2
    dev: false

  /@types/prop-types/15.7.5:
    resolution: {integrity: sha512-JCB8C6SnDoQf0cNycqd/35A7MjcnK+ZTqE7judS6o7utxUCg6imJg3QK2qzHKszlTjcj2cn+NwMB2i96ubpj7w==}

  /@types/react-beautiful-dnd/13.1.2:
    resolution: {integrity: sha512-+OvPkB8CdE/bGdXKyIhc/Lm2U7UAYCCJgsqmopFmh9gbAudmslkI8eOrPDjg4JhwSE6wytz4a3/wRjKtovHVJg==}
    dependencies:
      '@types/react': 18.0.17
    dev: false

  /@types/react-redux/7.1.24:
    resolution: {integrity: sha512-7FkurKcS1k0FHZEtdbbgN8Oc6b+stGSfZYjQGicofJ0j4U0qIn/jaSvnP2pLwZKiai3/17xqqxkkrxTgN8UNbQ==}
    dependencies:
      '@types/hoist-non-react-statics': 3.3.1
      '@types/react': 18.0.17
      hoist-non-react-statics: 3.3.2
      redux: 4.2.0
    dev: false

  /@types/react/18.0.17:
    resolution: {integrity: sha512-38ETy4tL+rn4uQQi7mB81G7V1g0u2ryquNmsVIOKUAEIDK+3CUjZ6rSRpdvS99dNBnkLFL83qfmtLacGOTIhwQ==}
    dependencies:
      '@types/prop-types': 15.7.5
      '@types/scheduler': 0.16.2
      csstype: 3.1.0

  /@types/scheduler/0.16.2:
    resolution: {integrity: sha512-hppQEBDmlwhFAXKJX2KnWLYu5yMfi91yazPb2l+lbJiwW+wdo1gNeRA+3RgNSO39WYX2euey41KEwnqesU2Jew==}

  /bun-framework-next/12.2.4_next@12.1.3:
    resolution: {integrity: sha512-LlHr4olgXI80Mls3ghPiPCSJCWnL/lWnvW8bUoVvDkEcFLOGtpJxsMn313dWs35ouqevmY89wvAXL2WUkmI5sg==}
    peerDependencies:
      next: ~12.2.3
    dependencies:
      next: 12.1.3_biqbaboplfbrettd7655fr4n2y
      react-is: 17.0.2
    dev: true

  /caniuse-lite/1.0.30001378:
    resolution: {integrity: sha512-JVQnfoO7FK7WvU4ZkBRbPjaot4+YqxogSDosHv0Hv5mWpUESmN+UubMU6L/hGz8QlQ2aY5U0vR6MOs6j/CXpNA==}

  /css-box-model/1.2.1:
    resolution: {integrity: sha512-a7Vr4Q/kd/aw96bnJG332W9V9LkJO69JRcaCYDUqjp6/z0w6VcZjgAcTbgFxEPfBgdnAwlh3iwu+hLopa+flJw==}
    dependencies:
      tiny-invariant: 1.2.0
    dev: false

  /csstype/3.1.0:
    resolution: {integrity: sha512-uX1KG+x9h5hIJsaKR9xHUeUraxf8IODOwq9JLNPq6BwB04a/xgpq3rcx47l5BZu5zBPlgD342tdke3Hom/nJRA==}

  /dnd-core/16.0.1:
    resolution: {integrity: sha512-HK294sl7tbw6F6IeuK16YSBUoorvHpY8RHO+9yFfaJyCDVb6n7PRcezrOEOa2SBCqiYpemh5Jx20ZcjKdFAVng==}
    dependencies:
      '@react-dnd/asap': 5.0.2
      '@react-dnd/invariant': 4.0.2
      redux: 4.2.0
    dev: false

  /hoist-non-react-statics/3.3.2:
    resolution: {integrity: sha512-/gGivxi8JPKWNm/W0jSmzcMPpfpPLc3dY/6GxhX2hQ9iGj3aDfklV4ET7NjKpSinLpJ5vafa9iiGIEZg10SfBw==}
    dependencies:
      react-is: 16.13.1
    dev: false

  /js-tokens/4.0.0:
    resolution: {integrity: sha512-RdJUflcE3cUzKiMqQgsCu06FPu9UdIJO0beYbPhHN4k6apgJtifcoCtT9bcxOpYBtpD2kCM6Sbzg4CausW/PKQ==}

  /loose-envify/1.4.0:
    resolution: {integrity: sha512-lyuxPGr/Wfhrlem2CL/UcnUc1zcqKAImBDzukY7Y5F/yQiNdko6+fRLevlw1HgMySw7f611UIY408EtxRSoK3Q==}
    hasBin: true
    dependencies:
      js-tokens: 4.0.0

  /memoize-one/5.2.1:
    resolution: {integrity: sha512-zYiwtZUcYyXKo/np96AGZAckk+FWWsUdJ3cHGGmld7+AhvcWmQyGCYUh1hc4Q/pkOhb65dQR/pqCyK0cOaHz4Q==}
    dev: false

  /nanoid/3.3.4:
    resolution: {integrity: sha512-MqBkQh/OHTS2egovRtLk45wEyNXwF+cokD+1YPf9u5VfJiRdAiRwB2froX5Co9Rh20xs4siNPm8naNotSD6RBw==}
    engines: {node: ^10 || ^12 || ^13.7 || ^14 || >=15.0.1}
    hasBin: true

  /next/12.1.3_biqbaboplfbrettd7655fr4n2y:
    resolution: {integrity: sha512-SPNEyB21AwewquHOk9BR1rOJ4I/kI8zTAhpBkjFHpUd1CFrQ+fK6HLH8zGG/8pHhA3hX+pLfWtwE3PAJ0Y9hyg==}
    engines: {node: '>=12.22.0'}
    hasBin: true
    peerDependencies:
      fibers: '>= 3.1.0'
      node-sass: ^6.0.0 || ^7.0.0
      react: ^17.0.2 || ^18.0.0-0
      react-dom: ^17.0.2 || ^18.0.0-0
      sass: ^1.3.0
    peerDependenciesMeta:
      fibers:
        optional: true
      node-sass:
        optional: true
      sass:
        optional: true
    dependencies:
      '@next/env': 12.1.3
      caniuse-lite: 1.0.30001378
      postcss: 8.4.5
      react: 18.2.0
      react-dom: 18.2.0_react@18.2.0
      styled-jsx: 5.0.1_react@18.2.0
    optionalDependencies:
      '@next/swc-android-arm-eabi': 12.1.3
      '@next/swc-android-arm64': 12.1.3
      '@next/swc-darwin-arm64': 12.1.3
      '@next/swc-darwin-x64': 12.1.3
      '@next/swc-linux-arm-gnueabihf': 12.1.3
      '@next/swc-linux-arm64-gnu': 12.1.3
      '@next/swc-linux-arm64-musl': 12.1.3
      '@next/swc-linux-x64-gnu': 12.1.3
      '@next/swc-linux-x64-musl': 12.1.3
      '@next/swc-win32-arm64-msvc': 12.1.3
      '@next/swc-win32-ia32-msvc': 12.1.3
      '@next/swc-win32-x64-msvc': 12.1.3
    transitivePeerDependencies:
      - '@babel/core'
      - babel-plugin-macros

  /object-assign/4.1.1:
    resolution: {integrity: sha512-rJgTQnkUnH1sFw8yT6VSU3zD3sWmu6sZhIseY8VX+GRu3P6F7Fu+JNDoXfklElbLJSnc3FUQHVe4cU5hj+BcUg==}
    engines: {node: '>=0.10.0'}
    dev: false

  /picocolors/1.0.0:
    resolution: {integrity: sha512-1fygroTLlHu66zi26VoTDv8yRgm0Fccecssto+MhsZ0D/DGW2sm8E8AjW7NU5VVTRt5GxbeZ5qBuJr+HyLYkjQ==}

  /postcss/8.4.5:
    resolution: {integrity: sha512-jBDboWM8qpaqwkMwItqTQTiFikhs/67OYVvblFFTM7MrZjt6yMKd6r2kgXizEbTTljacm4NldIlZnhbjr84QYg==}
    engines: {node: ^10 || ^12 || >=14}
    dependencies:
      nanoid: 3.3.4
      picocolors: 1.0.0
      source-map-js: 1.0.2

  /prop-types/15.8.1:
    resolution: {integrity: sha512-oj87CgZICdulUohogVAR7AjlC0327U4el4L6eAvOqCeudMDVU0NThNaV+b9Df4dXgSP1gXMTnPdhfe/2qDH5cg==}
    dependencies:
      loose-envify: 1.4.0
      object-assign: 4.1.1
      react-is: 16.13.1
    dev: false

  /raf-schd/4.0.3:
    resolution: {integrity: sha512-tQkJl2GRWh83ui2DiPTJz9wEiMN20syf+5oKfB03yYP7ioZcJwsIK8FjrtLwH1m7C7e+Tt2yYBlrOpdT+dyeIQ==}
    dev: false

  /react-beautiful-dnd/13.1.0_biqbaboplfbrettd7655fr4n2y:
    resolution: {integrity: sha512-aGvblPZTJowOWUNiwd6tNfEpgkX5OxmpqxHKNW/4VmvZTNTbeiq7bA3bn5T+QSF2uibXB0D1DmJsb1aC/+3cUA==}
    peerDependencies:
      react: ^16.8.5 || ^17.0.0
      react-dom: ^16.8.5 || ^17.0.0
    dependencies:
      '@babel/runtime': 7.18.9
      css-box-model: 1.2.1
      memoize-one: 5.2.1
      raf-schd: 4.0.3
      react: 18.2.0
      react-dom: 18.2.0_react@18.2.0
      react-redux: 7.2.8_biqbaboplfbrettd7655fr4n2y
      redux: 4.2.0
      use-memo-one: 1.1.2_react@18.2.0
    transitivePeerDependencies:
      - react-native
    dev: false

  /react-dnd-html5-backend/16.0.1:
    resolution: {integrity: sha512-Wu3dw5aDJmOGw8WjH1I1/yTH+vlXEL4vmjk5p+MHxP8HuHJS1lAGeIdG/hze1AvNeXWo/JgULV87LyQOr+r5jw==}
    dependencies:
      dnd-core: 16.0.1
    dev: false

  /react-dom/18.2.0_react@18.2.0:
    resolution: {integrity: sha512-6IMTriUmvsjHUjNtEDudZfuDQUoWXVxKHhlEGSk81n4YFS+r/Kl99wXiwlVXtPBtJenozv2P+hxDsw9eA7Xo6g==}
    peerDependencies:
      react: ^18.2.0
    dependencies:
      loose-envify: 1.4.0
      react: 18.2.0
      scheduler: 0.23.0

  /react-is/16.13.1:
    resolution: {integrity: sha512-24e6ynE2H+OKt4kqsOvNd8kBpV65zoxbA4BVsEOB3ARVWQki/DHzaUoC5KuON/BiccDaCCTZBuOcfZs70kR8bQ==}
    dev: false

  /react-is/17.0.2:
    resolution: {integrity: sha512-w2GsyukL62IJnlaff/nRegPQR94C/XXamvMWmSHRJ4y7Ts/4ocGRmTHvOs8PSE6pB3dWOrD/nueuU5sduBsQ4w==}

  /react-redux/7.2.8_biqbaboplfbrettd7655fr4n2y:
    resolution: {integrity: sha512-6+uDjhs3PSIclqoCk0kd6iX74gzrGc3W5zcAjbrFgEdIjRSQObdIwfx80unTkVUYvbQ95Y8Av3OvFHq1w5EOUw==}
    peerDependencies:
      react: ^16.8.3 || ^17 || ^18
      react-dom: '*'
      react-native: '*'
    peerDependenciesMeta:
      react-dom:
        optional: true
      react-native:
        optional: true
    dependencies:
      '@babel/runtime': 7.18.9
      '@types/react-redux': 7.1.24
      hoist-non-react-statics: 3.3.2
      loose-envify: 1.4.0
      prop-types: 15.8.1
      react: 18.2.0
      react-dom: 18.2.0_react@18.2.0
      react-is: 17.0.2
    dev: false

  /react-refresh/0.10.0:
    resolution: {integrity: sha512-PgidR3wST3dDYKr6b4pJoqQFpPGNKDSCDx4cZoshjXipw3LzO7mG1My2pwEzz2JVkF+inx3xRpDeQLFQGH/hsQ==}
    engines: {node: '>=0.10.0'}
    dev: true

  /react/18.2.0:
    resolution: {integrity: sha512-/3IjMdb2L9QbBdWiW5e3P2/npwMBaU9mHCSCUzNln0ZCYbcfTsGbTJrU/kGemdH2IWmB2ioZ+zkxtmq6g09fGQ==}
    engines: {node: '>=0.10.0'}
    dependencies:
      loose-envify: 1.4.0

  /redux/4.2.0:
    resolution: {integrity: sha512-oSBmcKKIuIR4ME29/AeNUnl5L+hvBq7OaJWzaptTQJAntaPvxIJqfnjbaEiCzzaIz+XmVILfqAM3Ob0aXLPfjA==}
    dependencies:
      '@babel/runtime': 7.18.9
    dev: false

  /regenerator-runtime/0.13.9:
    resolution: {integrity: sha512-p3VT+cOEgxFsRRA9X4lkI1E+k2/CtnKtU4gcxyaCUreilL/vqI6CdZ3wxVUx3UOUg+gnUOQQcRI7BmSI656MYA==}
    dev: false

  /scheduler/0.23.0:
    resolution: {integrity: sha512-CtuThmgHNg7zIZWAXi3AsyIzA3n4xx7aNyjwC2VJldO2LMVDhFK+63xGqq6CsJH4rTAt6/M+N4GhZiDYPx9eUw==}
    dependencies:
      loose-envify: 1.4.0

  /source-map-js/1.0.2:
    resolution: {integrity: sha512-R0XvVJ9WusLiqTCEiGCmICCMplcCkIwwR11mOSD9CR5u+IXYdiseeEuXCVAjS54zqwkLcPNnmU4OeJ6tUrWhDw==}
    engines: {node: '>=0.10.0'}

  /styled-jsx/5.0.1_react@18.2.0:
    resolution: {integrity: sha512-+PIZ/6Uk40mphiQJJI1202b+/dYeTVd9ZnMPR80pgiWbjIwvN2zIp4r9et0BgqBuShh48I0gttPlAXA7WVvBxw==}
    engines: {node: '>= 12.0.0'}
    peerDependencies:
      '@babel/core': '*'
      babel-plugin-macros: '*'
      react: '>= 16.8.0 || 17.x.x || ^18.0.0-0'
    peerDependenciesMeta:
      '@babel/core':
        optional: true
      babel-plugin-macros:
        optional: true
    dependencies:
      react: 18.2.0

  /tiny-invariant/1.2.0:
    resolution: {integrity: sha512-1Uhn/aqw5C6RI4KejVeTg6mIS7IqxnLJ8Mv2tV5rTc0qWobay7pDUz6Wi392Cnc8ak1H0F2cjoRzb2/AW4+Fvg==}
    dev: false

  /typescript/4.7.4:
    resolution: {integrity: sha512-C0WQT0gezHuw6AdY1M2jxUO83Rjf0HP7Sk1DtXj6j1EwkQNZrHAg2XPWlq62oqEhYvONq5pkC2Y9oPljWToLmQ==}
    engines: {node: '>=4.2.0'}
    hasBin: true
    dev: true

  /use-memo-one/1.1.2_react@18.2.0:
    resolution: {integrity: sha512-u2qFKtxLsia/r8qG0ZKkbytbztzRb317XCkT7yP8wxL0tZ/CzK2G+WWie5vWvpyeP7+YoPIwbJoIHJ4Ba4k0oQ==}
    peerDependencies:
      react: ^16.8.0 || ^17.0.0
    dependencies:
      react: 18.2.0
    dev: false

  /uuid/8.3.2:
    resolution: {integrity: sha512-+NYs2QeMWy+GWFOEm9xnn6HCDp0l7QBD7ml8zLUmJ+93Q5NF0NocErnwkTkXVFNiX3/fpC6afS8Dhb/gz7R7eg==}
    hasBin: true
    dev: false
